// !$*UTF8*$!
{
	archiveVersion = 1;
	classes = {
	};
	objectVersion = 56;
	objects = {

/* Begin PBXBuildFile section */
		851090462A81071100B53E53 /* DateConversion.swift in Sources */ = {isa = PBXBuildFile; fileRef = 851090452A81071100B53E53 /* DateConversion.swift */; };
		8574A1732A81724F0022E50A /* CustomTableViewCell.swift in Sources */ = {isa = PBXBuildFile; fileRef = 8574A1722A81724F0022E50A /* CustomTableViewCell.swift */; };
		8582CB8B2A7BCB7000FF3EE2 /* AppDelegate.swift in Sources */ = {isa = PBXBuildFile; fileRef = 8582CB8A2A7BCB7000FF3EE2 /* AppDelegate.swift */; };
		8582CB8D2A7BCB7000FF3EE2 /* SceneDelegate.swift in Sources */ = {isa = PBXBuildFile; fileRef = 8582CB8C2A7BCB7000FF3EE2 /* SceneDelegate.swift */; };
		8582CB8F2A7BCB7000FF3EE2 /* ViewController.swift in Sources */ = {isa = PBXBuildFile; fileRef = 8582CB8E2A7BCB7000FF3EE2 /* ViewController.swift */; };
		8582CB922A7BCB7000FF3EE2 /* Main.storyboard in Resources */ = {isa = PBXBuildFile; fileRef = 8582CB902A7BCB7000FF3EE2 /* Main.storyboard */; };
		8582CB942A7BCB7100FF3EE2 /* Assets.xcassets in Resources */ = {isa = PBXBuildFile; fileRef = 8582CB932A7BCB7100FF3EE2 /* Assets.xcassets */; };
		8582CB972A7BCB7100FF3EE2 /* LaunchScreen.storyboard in Resources */ = {isa = PBXBuildFile; fileRef = 8582CB952A7BCB7100FF3EE2 /* LaunchScreen.storyboard */; };
		8582CB9F2A7BCD4F00FF3EE2 /* NetworkService.swift in Sources */ = {isa = PBXBuildFile; fileRef = 8582CB9E2A7BCD4F00FF3EE2 /* NetworkService.swift */; };
		8582CBA12A7BD31F00FF3EE2 /* ExtensionsViewController.swift in Sources */ = {isa = PBXBuildFile; fileRef = 8582CBA02A7BD31F00FF3EE2 /* ExtensionsViewController.swift */; };
		8582CBA32A7BDE3F00FF3EE2 /* Model.swift in Sources */ = {isa = PBXBuildFile; fileRef = 8582CBA22A7BDE3F00FF3EE2 /* Model.swift */; };
		85EB3E0E2A82B565003AEBCF /* SecondViewController.swift in Sources */ = {isa = PBXBuildFile; fileRef = 85EB3E0D2A82B565003AEBCF /* SecondViewController.swift */; };
/* End PBXBuildFile section */

/* Begin PBXFileReference section */
		851090452A81071100B53E53 /* DateConversion.swift */ = {isa = PBXFileReference; lastKnownFileType = sourcecode.swift; path = DateConversion.swift; sourceTree = "<group>"; };
		8574A1722A81724F0022E50A /* CustomTableViewCell.swift */ = {isa = PBXFileReference; lastKnownFileType = sourcecode.swift; path = CustomTableViewCell.swift; sourceTree = "<group>"; };
		8582CB872A7BCB7000FF3EE2 /* WBTestovoe.app */ = {isa = PBXFileReference; explicitFileType = wrapper.application; includeInIndex = 0; path = WBTestovoe.app; sourceTree = BUILT_PRODUCTS_DIR; };
		8582CB8A2A7BCB7000FF3EE2 /* AppDelegate.swift */ = {isa = PBXFileReference; lastKnownFileType = sourcecode.swift; path = AppDelegate.swift; sourceTree = "<group>"; };
		8582CB8C2A7BCB7000FF3EE2 /* SceneDelegate.swift */ = {isa = PBXFileReference; lastKnownFileType = sourcecode.swift; path = SceneDelegate.swift; sourceTree = "<group>"; };
		8582CB8E2A7BCB7000FF3EE2 /* ViewController.swift */ = {isa = PBXFileReference; lastKnownFileType = sourcecode.swift; path = ViewController.swift; sourceTree = "<group>"; xcLanguageSpecificationIdentifier = xcode.lang.swift; };
		8582CB912A7BCB7000FF3EE2 /* Base */ = {isa = PBXFileReference; lastKnownFileType = file.storyboard; name = Base; path = Base.lproj/Main.storyboard; sourceTree = "<group>"; };
		8582CB932A7BCB7100FF3EE2 /* Assets.xcassets */ = {isa = PBXFileReference; lastKnownFileType = folder.assetcatalog; path = Assets.xcassets; sourceTree = "<group>"; };
		8582CB962A7BCB7100FF3EE2 /* Base */ = {isa = PBXFileReference; lastKnownFileType = file.storyboard; name = Base; path = Base.lproj/LaunchScreen.storyboard; sourceTree = "<group>"; };
		8582CB982A7BCB7100FF3EE2 /* Info.plist */ = {isa = PBXFileReference; lastKnownFileType = text.plist.xml; path = Info.plist; sourceTree = "<group>"; };
		8582CB9E2A7BCD4F00FF3EE2 /* NetworkService.swift */ = {isa = PBXFileReference; lastKnownFileType = sourcecode.swift; path = NetworkService.swift; sourceTree = "<group>"; };
		8582CBA02A7BD31F00FF3EE2 /* ExtensionsViewController.swift */ = {isa = PBXFileReference; lastKnownFileType = sourcecode.swift; path = ExtensionsViewController.swift; sourceTree = "<group>"; };
		8582CBA22A7BDE3F00FF3EE2 /* Model.swift */ = {isa = PBXFileReference; lastKnownFileType = sourcecode.swift; path = Model.swift; sourceTree = "<group>"; };
		85EB3E0D2A82B565003AEBCF /* SecondViewController.swift */ = {isa = PBXFileReference; lastKnownFileType = sourcecode.swift; path = SecondViewController.swift; sourceTree = "<group>"; };
/* End PBXFileReference section */

/* Begin PBXFrameworksBuildPhase section */
		8582CB842A7BCB7000FF3EE2 /* Frameworks */ = {
			isa = PBXFrameworksBuildPhase;
			buildActionMask = 2147483647;
			files = (
			);
			runOnlyForDeploymentPostprocessing = 0;
		};
/* End PBXFrameworksBuildPhase section */

/* Begin PBXGroup section */
		8582CB7E2A7BCB7000FF3EE2 = {
			isa = PBXGroup;
			children = (
				8582CB892A7BCB7000FF3EE2 /* WBTestovoe */,
				8582CB882A7BCB7000FF3EE2 /* Products */,
			);
			sourceTree = "<group>";
		};
		8582CB882A7BCB7000FF3EE2 /* Products */ = {
			isa = PBXGroup;
			children = (
				8582CB872A7BCB7000FF3EE2 /* WBTestovoe.app */,
			);
			name = Products;
			sourceTree = "<group>";
		};
		8582CB892A7BCB7000FF3EE2 /* WBTestovoe */ = {
			isa = PBXGroup;
			children = (
				8582CB8A2A7BCB7000FF3EE2 /* AppDelegate.swift */,
				8582CB8C2A7BCB7000FF3EE2 /* SceneDelegate.swift */,
				8582CB8E2A7BCB7000FF3EE2 /* ViewController.swift */,
				85EB3E0D2A82B565003AEBCF /* SecondViewController.swift */,
				8574A1722A81724F0022E50A /* CustomTableViewCell.swift */,
				8582CBA02A7BD31F00FF3EE2 /* ExtensionsViewController.swift */,
				8582CB9E2A7BCD4F00FF3EE2 /* NetworkService.swift */,
				851090452A81071100B53E53 /* DateConversion.swift */,
				8582CBA22A7BDE3F00FF3EE2 /* Model.swift */,
				8582CB902A7BCB7000FF3EE2 /* Main.storyboard */,
				8582CB932A7BCB7100FF3EE2 /* Assets.xcassets */,
				8582CB952A7BCB7100FF3EE2 /* LaunchScreen.storyboard */,
				8582CB982A7BCB7100FF3EE2 /* Info.plist */,
			);
			path = WBTestovoe;
			sourceTree = "<group>";
		};
/* End PBXGroup section */

/* Begin PBXNativeTarget section */
		8582CB862A7BCB7000FF3EE2 /* WBTestovoe */ = {
			isa = PBXNativeTarget;
			buildConfigurationList = 8582CB9B2A7BCB7100FF3EE2 /* Build configuration list for PBXNativeTarget "WBTestovoe" */;
			buildPhases = (
				8582CB832A7BCB7000FF3EE2 /* Sources */,
				8582CB842A7BCB7000FF3EE2 /* Frameworks */,
				8582CB852A7BCB7000FF3EE2 /* Resources */,
			);
			buildRules = (
			);
			dependencies = (
			);
			name = WBTestovoe;
			productName = WBTestovoe;
			productReference = 8582CB872A7BCB7000FF3EE2 /* WBTestovoe.app */;
			productType = "com.apple.product-type.application";
		};
/* End PBXNativeTarget section */

/* Begin PBXProject section */
		8582CB7F2A7BCB7000FF3EE2 /* Project object */ = {
			isa = PBXProject;
			attributes = {
				BuildIndependentTargetsInParallel = 1;
				LastSwiftUpdateCheck = 1430;
				LastUpgradeCheck = 1430;
				TargetAttributes = {
					8582CB862A7BCB7000FF3EE2 = {
						CreatedOnToolsVersion = 14.3.1;
					};
				};
			};
			buildConfigurationList = 8582CB822A7BCB7000FF3EE2 /* Build configuration list for PBXProject "WBTestovoe" */;
			compatibilityVersion = "Xcode 14.0";
			developmentRegion = en;
			hasScannedForEncodings = 0;
			knownRegions = (
				en,
				Base,
			);
			mainGroup = 8582CB7E2A7BCB7000FF3EE2;
			productRefGroup = 8582CB882A7BCB7000FF3EE2 /* Products */;
			projectDirPath = "";
			projectRoot = "";
			targets = (
				8582CB862A7BCB7000FF3EE2 /* WBTestovoe */,
			);
		};
/* End PBXProject section */

/* Begin PBXResourcesBuildPhase section */
		8582CB852A7BCB7000FF3EE2 /* Resources */ = {
			isa = PBXResourcesBuildPhase;
			buildActionMask = 2147483647;
			files = (
				8582CB972A7BCB7100FF3EE2 /* LaunchScreen.storyboard in Resources */,
				8582CB942A7BCB7100FF3EE2 /* Assets.xcassets in Resources */,
				8582CB922A7BCB7000FF3EE2 /* Main.storyboard in Resources */,
			);
			runOnlyForDeploymentPostprocessing = 0;
		};
/* End PBXResourcesBuildPhase section */

/* Begin PBXSourcesBuildPhase section */
		8582CB832A7BCB7000FF3EE2 /* Sources */ = {
			isa = PBXSourcesBuildPhase;
			buildActionMask = 2147483647;
			files = (
				851090462A81071100B53E53 /* DateConversion.swift in Sources */,
				8582CB8F2A7BCB7000FF3EE2 /* ViewController.swift in Sources */,
				8574A1732A81724F0022E50A /* CustomTableViewCell.swift in Sources */,
				85EB3E0E2A82B565003AEBCF /* SecondViewController.swift in Sources */,
				8582CB8B2A7BCB7000FF3EE2 /* AppDelegate.swift in Sources */,
				8582CB9F2A7BCD4F00FF3EE2 /* NetworkService.swift in Sources */,
				8582CBA32A7BDE3F00FF3EE2 /* Model.swift in Sources */,
				8582CBA12A7BD31F00FF3EE2 /* ExtensionsViewController.swift in Sources */,
				8582CB8D2A7BCB7000FF3EE2 /* SceneDelegate.swift in Sources */,
			);
			runOnlyForDeploymentPostprocessing = 0;
		};
/* End PBXSourcesBuildPhase section */

/* Begin PBXVariantGroup section */
		8582CB902A7BCB7000FF3EE2 /* Main.storyboard */ = {
			isa = PBXVariantGroup;
			children = (
				8582CB912A7BCB7000FF3EE2 /* Base */,
			);
			name = Main.storyboard;
			sourceTree = "<group>";
		};
		8582CB952A7BCB7100FF3EE2 /* LaunchScreen.storyboard */ = {
			isa = PBXVariantGroup;
			children = (
				8582CB962A7BCB7100FF3EE2 /* Base */,
			);
			name = LaunchScreen.storyboard;
			sourceTree = "<group>";
		};
/* End PBXVariantGroup section */

/* Begin XCBuildConfiguration section */
		8582CB992A7BCB7100FF3EE2 /* Debug */ = {
			isa = XCBuildConfiguration;
			buildSettings = {
				ALWAYS_SEARCH_USER_PATHS = NO;
				CLANG_ANALYZER_NONNULL = YES;
				CLANG_ANALYZER_NUMBER_OBJECT_CONVERSION = YES_AGGRESSIVE;
				CLANG_CXX_LANGUAGE_STANDARD = "gnu++20";
				CLANG_ENABLE_MODULES = YES;
				CLANG_ENABLE_OBJC_ARC = YES;
				CLANG_ENABLE_OBJC_WEAK = YES;
				CLANG_WARN_BLOCK_CAPTURE_AUTORELEASING = YES;
				CLANG_WARN_BOOL_CONVERSION = YES;
				CLANG_WARN_COMMA = YES;
				CLANG_WARN_CONSTANT_CONVERSION = YES;
				CLANG_WARN_DEPRECATED_OBJC_IMPLEMENTATIONS = YES;
				CLANG_WARN_DIRECT_OBJC_ISA_USAGE = YES_ERROR;
				CLANG_WARN_DOCUMENTATION_COMMENTS = YES;
				CLANG_WARN_EMPTY_BODY = YES;
				CLANG_WARN_ENUM_CONVERSION = YES;
				CLANG_WARN_INFINITE_RECURSION = YES;
				CLANG_WARN_INT_CONVERSION = YES;
				CLANG_WARN_NON_LITERAL_NULL_CONVERSION = YES;
				CLANG_WARN_OBJC_IMPLICIT_RETAIN_SELF = YES;
				CLANG_WARN_OBJC_LITERAL_CONVERSION = YES;
				CLANG_WARN_OBJC_ROOT_CLASS = YES_ERROR;
				CLANG_WARN_QUOTED_INCLUDE_IN_FRAMEWORK_HEADER = YES;
				CLANG_WARN_RANGE_LOOP_ANALYSIS = YES;
				CLANG_WARN_STRICT_PROTOTYPES = YES;
				CLANG_WARN_SUSPICIOUS_MOVE = YES;
				CLANG_WARN_UNGUARDED_AVAILABILITY = YES_AGGRESSIVE;
				CLANG_WARN_UNREACHABLE_CODE = YES;
				CLANG_WARN__DUPLICATE_METHOD_MATCH = YES;
				COPY_PHASE_STRIP = NO;
				DEBUG_INFORMATION_FORMAT = dwarf;
				ENABLE_STRICT_OBJC_MSGSEND = YES;
				ENABLE_TESTABILITY = YES;
				GCC_C_LANGUAGE_STANDARD = gnu11;
				GCC_DYNAMIC_NO_PIC = NO;
				GCC_NO_COMMON_BLOCKS = YES;
				GCC_OPTIMIZATION_LEVEL = 0;
				GCC_PREPROCESSOR_DEFINITIONS = (
					"DEBUG=1",
					"$(inherited)",
				);
				GCC_WARN_64_TO_32_BIT_CONVERSION = YES;
				GCC_WARN_ABOUT_RETURN_TYPE = YES_ERROR;
				GCC_WARN_UNDECLARED_SELECTOR = YES;
				GCC_WARN_UNINITIALIZED_AUTOS = YES_AGGRESSIVE;
				GCC_WARN_UNUSED_FUNCTION = YES;
				GCC_WARN_UNUSED_VARIABLE = YES;
				IPHONEOS_DEPLOYMENT_TARGET = 16.4;
				MTL_ENABLE_DEBUG_INFO = INCLUDE_SOURCE;
				MTL_FAST_MATH = YES;
				ONLY_ACTIVE_ARCH = YES;
				SDKROOT = iphoneos;
				SWIFT_ACTIVE_COMPILATION_CONDITIONS = DEBUG;
				SWIFT_OPTIMIZATION_LEVEL = "-Onone";
			};
			name = Debug;
		};
		8582CB9A2A7BCB7100FF3EE2 /* Release */ = {
			isa = XCBuildConfiguration;
			buildSettings = {
				ALWAYS_SEARCH_USER_PATHS = NO;
				CLANG_ANALYZER_NONNULL = YES;
				CLANG_ANALYZER_NUMBER_OBJECT_CONVERSION = YES_AGGRESSIVE;
				CLANG_CXX_LANGUAGE_STANDARD = "gnu++20";
				CLANG_ENABLE_MODULES = YES;
				CLANG_ENABLE_OBJC_ARC = YES;
				CLANG_ENABLE_OBJC_WEAK = YES;
				CLANG_WARN_BLOCK_CAPTURE_AUTORELEASING = YES;
				CLANG_WARN_BOOL_CONVERSION = YES;
				CLANG_WARN_COMMA = YES;
				CLANG_WARN_CONSTANT_CONVERSION = YES;
				CLANG_WARN_DEPRECATED_OBJC_IMPLEMENTATIONS = YES;
				CLANG_WARN_DIRECT_OBJC_ISA_USAGE = YES_ERROR;
				CLANG_WARN_DOCUMENTATION_COMMENTS = YES;
				CLANG_WARN_EMPTY_BODY = YES;
				CLANG_WARN_ENUM_CONVERSION = YES;
				CLANG_WARN_INFINITE_RECURSION = YES;
				CLANG_WARN_INT_CONVERSION = YES;
				CLANG_WARN_NON_LITERAL_NULL_CONVERSION = YES;
				CLANG_WARN_OBJC_IMPLICIT_RETAIN_SELF = YES;
				CLANG_WARN_OBJC_LITERAL_CONVERSION = YES;
				CLANG_WARN_OBJC_ROOT_CLASS = YES_ERROR;
				CLANG_WARN_QUOTED_INCLUDE_IN_FRAMEWORK_HEADER = YES;
				CLANG_WARN_RANGE_LOOP_ANALYSIS = YES;
				CLANG_WARN_STRICT_PROTOTYPES = YES;
				CLANG_WARN_SUSPICIOUS_MOVE = YES;
				CLANG_WARN_UNGUARDED_AVAILABILITY = YES_AGGRESSIVE;
				CLANG_WARN_UNREACHABLE_CODE = YES;
				CLANG_WARN__DUPLICATE_METHOD_MATCH = YES;
				COPY_PHASE_STRIP = NO;
				DEBUG_INFORMATION_FORMAT = "dwarf-with-dsym";
				ENABLE_NS_ASSERTIONS = NO;
				ENABLE_STRICT_OBJC_MSGSEND = YES;
				GCC_C_LANGUAGE_STANDARD = gnu11;
				GCC_NO_COMMON_BLOCKS = YES;
				GCC_WARN_64_TO_32_BIT_CONVERSION = YES;
				GCC_WARN_ABOUT_RETURN_TYPE = YES_ERROR;
				GCC_WARN_UNDECLARED_SELECTOR = YES;
				GCC_WARN_UNINITIALIZED_AUTOS = YES_AGGRESSIVE;
				GCC_WARN_UNUSED_FUNCTION = YES;
				GCC_WARN_UNUSED_VARIABLE = YES;
				IPHONEOS_DEPLOYMENT_TARGET = 16.4;
				MTL_ENABLE_DEBUG_INFO = NO;
				MTL_FAST_MATH = YES;
				SDKROOT = iphoneos;
				SWIFT_COMPILATION_MODE = wholemodule;
				SWIFT_OPTIMIZATION_LEVEL = "-O";
				VALIDATE_PRODUCT = YES;
			};
			name = Release;
		};
		8582CB9C2A7BCB7100FF3EE2 /* Debug */ = {
			isa = XCBuildConfiguration;
			buildSettings = {
				ASSETCATALOG_COMPILER_APPICON_NAME = AppIcon;
				ASSETCATALOG_COMPILER_GLOBAL_ACCENT_COLOR_NAME = AccentColor;
				CODE_SIGN_STYLE = Automatic;
				CURRENT_PROJECT_VERSION = 1;
				DEVELOPMENT_TEAM = 5NKMY3PVC7;
				GENERATE_INFOPLIST_FILE = YES;
				INFOPLIST_FILE = WBTestovoe/Info.plist;
				INFOPLIST_KEY_UIApplicationSupportsIndirectInputEvents = YES;
				INFOPLIST_KEY_UILaunchStoryboardName = LaunchScreen;
				INFOPLIST_KEY_UIMainStoryboardFile = Main;
				INFOPLIST_KEY_UISupportedInterfaceOrientations_iPad = "UIInterfaceOrientationPortrait UIInterfaceOrientationPortraitUpsideDown UIInterfaceOrientationLandscapeLeft UIInterfaceOrientationLandscapeRight";
				INFOPLIST_KEY_UISupportedInterfaceOrientations_iPhone = "UIInterfaceOrientationPortrait UIInterfaceOrientationLandscapeLeft UIInterfaceOrientationLandscapeRight";
				LD_RUNPATH_SEARCH_PATHS = (
					"$(inherited)",
					"@executable_path/Frameworks",
				);
				MARKETING_VERSION = 1.0;
				PRODUCT_BUNDLE_IDENTIFIER = nn.WBTestovoe;
				PRODUCT_NAME = "$(TARGET_NAME)";
				SWIFT_EMIT_LOC_STRINGS = YES;
				SWIFT_VERSION = 5.0;
				TARGETED_DEVICE_FAMILY = "1,2";
			};
			name = Debug;
		};
		8582CB9D2A7BCB7100FF3EE2 /* Release */ = {
			isa = XCBuildConfiguration;
			buildSettings = {
				ASSETCATALOG_COMPILER_APPICON_NAME = AppIcon;
				ASSETCATALOG_COMPILER_GLOBAL_ACCENT_COLOR_NAME = AccentColor;
				CODE_SIGN_STYLE = Automatic;
				CURRENT_PROJECT_VERSION = 1;
				DEVELOPMENT_TEAM = 5NKMY3PVC7;
				GENERATE_INFOPLIST_FILE = YES;
				INFOPLIST_FILE = WBTestovoe/Info.plist;
				INFOPLIST_KEY_UIApplicationSupportsIndirectInputEvents = YES;
				INFOPLIST_KEY_UILaunchStoryboardName = LaunchScreen;
				INFOPLIST_KEY_UIMainStoryboardFile = Main;
				INFOPLIST_KEY_UISupportedInterfaceOrientations_iPad = "UIInterfaceOrientationPortrait UIInterfaceOrientationPortraitUpsideDown UIInterfaceOrientationLandscapeLeft UIInterfaceOrientationLandscapeRight";
				INFOPLIST_KEY_UISupportedInterfaceOrientations_iPhone = "UIInterfaceOrientationPortrait UIInterfaceOrientationLandscapeLeft UIInterfaceOrientationLandscapeRight";
				LD_RUNPATH_SEARCH_PATHS = (
					"$(inherited)",
					"@executable_path/Frameworks",
				);
				MARKETING_VERSION = 1.0;
				PRODUCT_BUNDLE_IDENTIFIER = nn.WBTestovoe;
				PRODUCT_NAME = "$(TARGET_NAME)";
				SWIFT_EMIT_LOC_STRINGS = YES;
				SWIFT_VERSION = 5.0;
				TARGETED_DEVICE_FAMILY = "1,2";
			};
			name = Release;
		};
/* End XCBuildConfiguration section */

/* Begin XCConfigurationList section */
		8582CB822A7BCB7000FF3EE2 /* Build configuration list for PBXProject "WBTestovoe" */ = {
			isa = XCConfigurationList;
			buildConfigurations = (
				8582CB992A7BCB7100FF3EE2 /* Debug */,
				8582CB9A2A7BCB7100FF3EE2 /* Release */,
			);
			defaultConfigurationIsVisible = 0;
			defaultConfigurationName = Release;
		};
		8582CB9B2A7BCB7100FF3EE2 /* Build configuration list for PBXNativeTarget "WBTestovoe" */ = {
			isa = XCConfigurationList;
			buildConfigurations = (
				8582CB9C2A7BCB7100FF3EE2 /* Debug */,
				8582CB9D2A7BCB7100FF3EE2 /* Release */,
			);
			defaultConfigurationIsVisible = 0;
			defaultConfigurationName = Release;
		};
/* End XCConfigurationList section */
	};
	rootObject = 8582CB7F2A7BCB7000FF3EE2 /* Project object */;
}
